{
  "version": 4,
  "terraform_version": "1.9.5",
  "serial": 67,
  "lineage": "8475e38f-746a-e727-5683-607889cb5dcb",
  "outputs": {},
  "resources": [
    {
      "mode": "data",
      "type": "aws_eks_cluster",
      "name": "cluster",
      "provider": "provider[\"registry.terraform.io/hashicorp/aws\"]",
      "instances": [
        {
          "schema_version": 0,
          "attributes": {
            "arn": "arn:aws:eks:eu-north-1:654654371397:cluster/myproject-eks-cluster",
            "certificate_authority": [
              {
                "data": "LS0tLS1CRUdJTiBDRVJUSUZJQ0FURS0tLS0tCk1JSURCVENDQWUyZ0F3SUJBZ0lJZnZOWUdCRUdvMlV3RFFZSktvWklodmNOQVFFTEJRQXdGVEVUTUJFR0ExVUUKQXhNS2EzVmlaWEp1WlhSbGN6QWVGdzB5TkRFd01UUXhOakkyTXpkYUZ3MHpOREV3TVRJeE5qTXhNemRhTUJVeApFekFSQmdOVkJBTVRDbXQxWW1WeWJtVjBaWE13Z2dFaU1BMEdDU3FHU0liM0RRRUJBUVVBQTRJQkR3QXdnZ0VLCkFvSUJBUUMzR2dNSVFoZHhCOEFsTnpJUndoZjRHT2NFQ0xFS0NUdWFSMU1xWXdjNmt4ZlFGWFdOQ3BGTi82dTMKM09IM0ltNElvZWUvbnNEZGlPanFIeWdsUFVKZWNBYXEvT2Y4NDJ0ZXhWWTB2YkhTa2VkTWZRUlRzR1NteURjWQpaRjA0M3ViYmM3VmxrbUJRd1NyNzgzdUpLc29GeWw2NmcyOHJVbFpDWEdDblBZQytmNlpoelZicWh1YmZTZnBnCjh4V3NwTVlpekxkOWZjTUpqME5IcXB1cVZnbHV3TUdVSDhaRTQ0eTlRRGhwb3MwdDZpcURNd2xoYnA0RHBEdjcKTFhnbnA2VDIvck4rYXdqMzVYdHBtbWR2eU5lMjQrQ0tTODBweE9aNEN3Ry8rOGllTHp5VEFweStyRm5tVlhFMQp4Vm5qZWFxVnlGcVgrYjZiUFpKVVNsV2wvU1ovQWdNQkFBR2pXVEJYTUE0R0ExVWREd0VCL3dRRUF3SUNwREFQCkJnTlZIUk1CQWY4RUJUQURBUUgvTUIwR0ExVWREZ1FXQkJSM2JseFI2STR5c2tHajBzQS9MYWhoQUdSVzNUQVYKQmdOVkhSRUVEakFNZ2dwcmRXSmxjbTVsZEdWek1BMEdDU3FHU0liM0RRRUJDd1VBQTRJQkFRQlV2b01KK1R3VAp4dXpGNTRlRUxPWWI0Z01JQnU1SG9lZ2c2ZnVVWmZtanlRZjM3Zk5nTmpDSTV0SHFjUHVQZW1HMk1KOGlpM3pzCnpJSUszYmhaejZZelZQYnp4WnVCMlFTUGdHVkg0cjJDa2NrSjZFWUZPeUJaOEJSVTZwdDZPUnpSVU52WXdRUUEKTXR4c0VBZVZhK00wS1M1RmNhcFRhZEI0cm5peFpZaHB6b3FkN2lXSjVyaEJWNTNzaGc5V3FFaEZDTldTUjJUdwpET2JaMDZyNEhDWDY4bHk5QnVJcXBuWEY2Zno4bzJ4ejhKdEc0Tk90dE4xS1huU2NsR29WSDNSZndOczRRUnpKCisrUlBhaHFla3RGV3BFZUZhNERJNHM4Y3BEQTlua2poRk5jM3NDVFJuZHBtcXJyQkxoRzIvMzNuNjlYdTdXUEcKTHBoNEdGL1cweGVXCi0tLS0tRU5EIENFUlRJRklDQVRFLS0tLS0K"
              }
            ],
            "created_at": "2024-10-14 16:27:32.435 +0000 UTC",
            "enabled_cluster_log_types": [],
            "endpoint": "https://9E531A697D55831F57EE54C3E6E2A277.gr7.eu-north-1.eks.amazonaws.com",
            "id": "myproject-eks-cluster",
            "identity": [
              {
                "oidc": [
                  {
                    "issuer": "https://oidc.eks.eu-north-1.amazonaws.com/id/9E531A697D55831F57EE54C3E6E2A277"
                  }
                ]
              }
            ],
            "kubernetes_network_config": [
              {
                "ip_family": "ipv4",
                "service_ipv4_cidr": "172.20.0.0/16"
              }
            ],
            "name": "myproject-eks-cluster",
            "platform_version": "eks.23",
            "role_arn": "arn:aws:iam::654654371397:role/myproject-eks-cluster-role",
            "status": "ACTIVE",
            "tags": {
              "Name": "eks_cluster"
            },
            "version": "1.27",
            "vpc_config": [
              {
                "cluster_security_group_id": "sg-035740567f8b798db",
                "endpoint_private_access": true,
                "endpoint_public_access": true,
                "public_access_cidrs": [
                  "0.0.0.0/0"
                ],
                "security_group_ids": [
                  "sg-0416de9ce1e33b020"
                ],
                "subnet_ids": [
                  "subnet-091d893e5790d0f92",
                  "subnet-0b419f6ab8f3cb4dd"
                ],
                "vpc_id": "vpc-037ff5c1b61e99038"
              }
            ]
          },
          "sensitive_attributes": []
        }
      ]
    },
    {
      "mode": "data",
      "type": "aws_eks_cluster_auth",
      "name": "cluster",
      "provider": "provider[\"registry.terraform.io/hashicorp/aws\"]",
      "instances": [
        {
          "schema_version": 0,
          "attributes": {
            "id": "myproject-eks-cluster",
            "name": "myproject-eks-cluster",
            "token": "k8s-aws-v1.aHR0cHM6Ly9zdHMuYW1hem9uYXdzLmNvbS8_QWN0aW9uPUdldENhbGxlcklkZW50aXR5JlZlcnNpb249MjAxMS0wNi0xNSZYLUFtei1BbGdvcml0aG09QVdTNC1ITUFDLVNIQTI1NiZYLUFtei1DcmVkZW50aWFsPUFLSUFaUTNEUTZaQ1FJRFdPNVUzJTJGMjAyNDEwMTQlMkZ1cy1lYXN0LTElMkZzdHMlMkZhd3M0X3JlcXVlc3QmWC1BbXotRGF0ZT0yMDI0MTAxNFQxNjM4MzhaJlgtQW16LUV4cGlyZXM9MCZYLUFtei1TaWduZWRIZWFkZXJzPWhvc3QlM0J4LWs4cy1hd3MtaWQmWC1BbXotU2lnbmF0dXJlPWM2OWRiNmZkOTNlOTRlMzMxODRkMzFjZjYxYWQxNGYzZDE3NTA3MzY2ODU0OTc0NjdhMWFmOTkwNWZkZDU1NGE"
          },
          "sensitive_attributes": [
            [
              {
                "type": "get_attr",
                "value": "token"
              }
            ]
          ]
        }
      ]
    },
    {
      "mode": "data",
      "type": "terraform_remote_state",
      "name": "infra",
      "provider": "provider[\"terraform.io/builtin/terraform\"]",
      "instances": [
        {
          "schema_version": 0,
          "attributes": {
            "backend": "local",
            "config": {
              "value": {
                "path": "../infrastructure/terraform.tfstate"
              },
              "type": [
                "object",
                {
                  "path": "string"
                }
              ]
            },
            "defaults": null,
            "outputs": {
              "value": {
                "cluster_ca_certificate": "LS0tLS1CRUdJTiBDRVJUSUZJQ0FURS0tLS0tCk1JSURCVENDQWUyZ0F3SUJBZ0lJZnZOWUdCRUdvMlV3RFFZSktvWklodmNOQVFFTEJRQXdGVEVUTUJFR0ExVUUKQXhNS2EzVmlaWEp1WlhSbGN6QWVGdzB5TkRFd01UUXhOakkyTXpkYUZ3MHpOREV3TVRJeE5qTXhNemRhTUJVeApFekFSQmdOVkJBTVRDbXQxWW1WeWJtVjBaWE13Z2dFaU1BMEdDU3FHU0liM0RRRUJBUVVBQTRJQkR3QXdnZ0VLCkFvSUJBUUMzR2dNSVFoZHhCOEFsTnpJUndoZjRHT2NFQ0xFS0NUdWFSMU1xWXdjNmt4ZlFGWFdOQ3BGTi82dTMKM09IM0ltNElvZWUvbnNEZGlPanFIeWdsUFVKZWNBYXEvT2Y4NDJ0ZXhWWTB2YkhTa2VkTWZRUlRzR1NteURjWQpaRjA0M3ViYmM3VmxrbUJRd1NyNzgzdUpLc29GeWw2NmcyOHJVbFpDWEdDblBZQytmNlpoelZicWh1YmZTZnBnCjh4V3NwTVlpekxkOWZjTUpqME5IcXB1cVZnbHV3TUdVSDhaRTQ0eTlRRGhwb3MwdDZpcURNd2xoYnA0RHBEdjcKTFhnbnA2VDIvck4rYXdqMzVYdHBtbWR2eU5lMjQrQ0tTODBweE9aNEN3Ry8rOGllTHp5VEFweStyRm5tVlhFMQp4Vm5qZWFxVnlGcVgrYjZiUFpKVVNsV2wvU1ovQWdNQkFBR2pXVEJYTUE0R0ExVWREd0VCL3dRRUF3SUNwREFQCkJnTlZIUk1CQWY4RUJUQURBUUgvTUIwR0ExVWREZ1FXQkJSM2JseFI2STR5c2tHajBzQS9MYWhoQUdSVzNUQVYKQmdOVkhSRUVEakFNZ2dwcmRXSmxjbTVsZEdWek1BMEdDU3FHU0liM0RRRUJDd1VBQTRJQkFRQlV2b01KK1R3VAp4dXpGNTRlRUxPWWI0Z01JQnU1SG9lZ2c2ZnVVWmZtanlRZjM3Zk5nTmpDSTV0SHFjUHVQZW1HMk1KOGlpM3pzCnpJSUszYmhaejZZelZQYnp4WnVCMlFTUGdHVkg0cjJDa2NrSjZFWUZPeUJaOEJSVTZwdDZPUnpSVU52WXdRUUEKTXR4c0VBZVZhK00wS1M1RmNhcFRhZEI0cm5peFpZaHB6b3FkN2lXSjVyaEJWNTNzaGc5V3FFaEZDTldTUjJUdwpET2JaMDZyNEhDWDY4bHk5QnVJcXBuWEY2Zno4bzJ4ejhKdEc0Tk90dE4xS1huU2NsR29WSDNSZndOczRRUnpKCisrUlBhaHFla3RGV3BFZUZhNERJNHM4Y3BEQTlua2poRk5jM3NDVFJuZHBtcXJyQkxoRzIvMzNuNjlYdTdXUEcKTHBoNEdGL1cweGVXCi0tLS0tRU5EIENFUlRJRklDQVRFLS0tLS0K",
                "cluster_endpoint": "https://9E531A697D55831F57EE54C3E6E2A277.gr7.eu-north-1.eks.amazonaws.com",
                "cluster_name": "myproject-eks-cluster",
                "grafana_public_ip": "13.61.6.94",
                "jenkins_public_ip": "16.170.234.208"
              },
              "type": [
                "object",
                {
                  "cluster_ca_certificate": "string",
                  "cluster_endpoint": "string",
                  "cluster_name": "string",
                  "grafana_public_ip": "string",
                  "jenkins_public_ip": "string"
                }
              ]
            },
            "workspace": null
          },
          "sensitive_attributes": []
        }
      ]
    },
    {
      "module": "module.k8s",
      "mode": "managed",
      "type": "kubernetes_deployment",
      "name": "frontend",
      "provider": "provider[\"registry.terraform.io/hashicorp/kubernetes\"]",
      "instances": [
        {
          "schema_version": 1,
          "attributes": {
            "id": "default/frontend",
            "metadata": [
              {
                "annotations": null,
                "generate_name": "",
                "generation": 1,
                "labels": {
                  "app": "frontend"
                },
                "name": "frontend",
                "namespace": "default",
                "resource_version": "1531",
                "uid": "e8310245-401c-48a0-a687-5d2b26c0f1fa"
              }
            ],
            "spec": [
              {
                "min_ready_seconds": 0,
                "paused": false,
                "progress_deadline_seconds": 600,
                "replicas": "2",
                "revision_history_limit": 10,
                "selector": [
                  {
                    "match_expressions": [],
                    "match_labels": {
                      "app": "frontend"
                    }
                  }
                ],
                "strategy": [
                  {
                    "rolling_update": [
                      {
                        "max_surge": "25%",
                        "max_unavailable": "25%"
                      }
                    ],
                    "type": "RollingUpdate"
                  }
                ],
                "template": [
                  {
                    "metadata": [
                      {
                        "annotations": null,
                        "generate_name": "",
                        "generation": 0,
                        "labels": {
                          "app": "frontend"
                        },
                        "name": "",
                        "namespace": "",
                        "resource_version": "",
                        "uid": ""
                      }
                    ],
                    "spec": [
                      {
                        "active_deadline_seconds": 0,
                        "affinity": [],
                        "automount_service_account_token": true,
                        "container": [
                          {
                            "args": null,
                            "command": null,
                            "env": [
                              {
                                "name": "REACT_APP_API_URL",
                                "value": "",
                                "value_from": []
                              }
                            ],
                            "env_from": [],
                            "image": "flappimen/booking_client:latest",
                            "image_pull_policy": "Always",
                            "lifecycle": [],
                            "liveness_probe": [],
                            "name": "frontend",
                            "port": [
                              {
                                "container_port": 80,
                                "host_ip": "",
                                "host_port": 0,
                                "name": "",
                                "protocol": "TCP"
                              }
                            ],
                            "readiness_probe": [],
                            "resources": [
                              {
                                "limits": {
                                  "cpu": "500m",
                                  "memory": "512Mi"
                                },
                                "requests": {
                                  "cpu": "250m",
                                  "memory": "256Mi"
                                }
                              }
                            ],
                            "security_context": [],
                            "startup_probe": [],
                            "stdin": false,
                            "stdin_once": false,
                            "termination_message_path": "/dev/termination-log",
                            "termination_message_policy": "File",
                            "tty": false,
                            "volume_device": [],
                            "volume_mount": [],
                            "working_dir": ""
                          }
                        ],
                        "dns_config": [],
                        "dns_policy": "ClusterFirst",
                        "enable_service_links": true,
                        "host_aliases": [],
                        "host_ipc": false,
                        "host_network": false,
                        "host_pid": false,
                        "hostname": "",
                        "image_pull_secrets": [],
                        "init_container": [],
                        "node_name": "",
                        "node_selector": null,
                        "os": [],
                        "priority_class_name": "",
                        "readiness_gate": [],
                        "restart_policy": "Always",
                        "runtime_class_name": "",
                        "scheduler_name": "default-scheduler",
                        "security_context": [],
                        "service_account_name": "",
                        "share_process_namespace": false,
                        "subdomain": "",
                        "termination_grace_period_seconds": 30,
                        "toleration": [],
                        "topology_spread_constraint": [],
                        "volume": []
                      }
                    ]
                  }
                ]
              }
            ],
            "timeouts": null,
            "wait_for_rollout": true
          },
          "sensitive_attributes": [],
          "private": "eyJlMmJmYjczMC1lY2FhLTExZTYtOGY4OC0zNDM2M2JjN2M0YzAiOnsiY3JlYXRlIjo2MDAwMDAwMDAwMDAsImRlbGV0ZSI6NjAwMDAwMDAwMDAwLCJ1cGRhdGUiOjYwMDAwMDAwMDAwMH0sInNjaGVtYV92ZXJzaW9uIjoiMSJ9",
          "dependencies": [
            "data.aws_eks_cluster_auth.cluster",
            "data.terraform_remote_state.infra"
          ]
        }
      ]
    },
    {
      "module": "module.k8s",
      "mode": "managed",
      "type": "kubernetes_service",
      "name": "frontend",
      "provider": "provider[\"registry.terraform.io/hashicorp/kubernetes\"]",
      "instances": [
        {
          "schema_version": 1,
          "attributes": {
            "id": "default/frontend-service",
            "metadata": [
              {
                "annotations": null,
                "generate_name": "",
                "generation": 0,
                "labels": null,
                "name": "frontend-service",
                "namespace": "default",
                "resource_version": "1503",
                "uid": "c4e5183f-5dc1-4e54-8a52-08f886971b57"
              }
            ],
            "spec": [
              {
                "allocate_load_balancer_node_ports": true,
                "cluster_ip": "172.20.138.156",
                "cluster_ips": [
                  "172.20.138.156"
                ],
                "external_ips": null,
                "external_name": "",
                "external_traffic_policy": "Cluster",
                "health_check_node_port": 0,
                "internal_traffic_policy": "Cluster",
                "ip_families": [
                  "IPv4"
                ],
                "ip_family_policy": "SingleStack",
                "load_balancer_class": "",
                "load_balancer_ip": "",
                "load_balancer_source_ranges": null,
                "port": [
                  {
                    "app_protocol": "",
                    "name": "",
                    "node_port": 30362,
                    "port": 80,
                    "protocol": "TCP",
                    "target_port": "80"
                  }
                ],
                "publish_not_ready_addresses": false,
                "selector": {
                  "app": "frontend"
                },
                "session_affinity": "None",
                "session_affinity_config": [],
                "type": "LoadBalancer"
              }
            ],
            "status": [
              {
                "load_balancer": [
                  {
                    "ingress": [
                      {
                        "hostname": "ac4e5183f5dc14e548a5208f886971b5-1151870137.eu-north-1.elb.amazonaws.com",
                        "ip": ""
                      }
                    ]
                  }
                ]
              }
            ],
            "timeouts": null,
            "wait_for_load_balancer": true
          },
          "sensitive_attributes": [],
          "private": "eyJlMmJmYjczMC1lY2FhLTExZTYtOGY4OC0zNDM2M2JjN2M0YzAiOnsiY3JlYXRlIjo2MDAwMDAwMDAwMDB9LCJzY2hlbWFfdmVyc2lvbiI6IjEifQ==",
          "dependencies": [
            "data.aws_eks_cluster_auth.cluster",
            "data.terraform_remote_state.infra"
          ]
        }
      ]
    }
  ],
  "check_results": null
}
