{
  "version": 4,
  "terraform_version": "1.9.5",
  "serial": 169,
  "lineage": "de387a6e-4854-69ca-a637-a67f098d0113",
  "outputs": {},
  "resources": [
    {
      "mode": "data",
      "type": "aws_eks_cluster",
      "name": "eks",
      "provider": "provider[\"registry.terraform.io/hashicorp/aws\"]",
      "instances": [
        {
          "schema_version": 0,
          "attributes": {
            "arn": "arn:aws:eks:eu-north-1:654654371397:cluster/myproject-eks-cluster",
            "certificate_authority": [
              {
                "data": "LS0tLS1CRUdJTiBDRVJUSUZJQ0FURS0tLS0tCk1JSURCVENDQWUyZ0F3SUJBZ0lJVm9qenpQbXl4RTh3RFFZSktvWklodmNOQVFFTEJRQXdGVEVUTUJFR0ExVUUKQXhNS2EzVmlaWEp1WlhSbGN6QWVGdzB5TkRFd01Ea3hNVEk0TWpsYUZ3MHpOREV3TURjeE1UTXpNamxhTUJVeApFekFSQmdOVkJBTVRDbXQxWW1WeWJtVjBaWE13Z2dFaU1BMEdDU3FHU0liM0RRRUJBUVVBQTRJQkR3QXdnZ0VLCkFvSUJBUUN2TGUzTGl2RTd6ZkUwTU81SDlvZGdXcWpoUVZ2MkJ0OWJ4d05CeEJjUzFibVdmTEhzR2E1T2lJQk4KUWx0eERuRUkySm9SZ1BkRlVFSEFob2JwSWsrMGhWWGtlbVRvYnJEMGdmeDhPR0lldS9aTm1XUkIvbXM1K0NBbgpuanZKYWFCNDAyaUFHUmx5bVpNeVNlRG1PdDhwaW5Hd1dUcUpRMmhmRlBHTmNyYy9odEpXdzZjZGRQaU85TVd3CjlOQXo5aXRDQXBnTUNzL2FhVUV0RzRFQzlELzlYeWpGMEREdU41SUhPOFFwVWpIVysvaVB0czNnejBIN3BRa0cKOU9BMDRnOHUvK0d1SWZ3bkNxeGgrYndmTVNDSUpiWTFOVjEraVEzcTdhVVR1OVhyYnFieHc0TWNnNERuamNIOQpsV3VWL1M3RWYzSWJ6ditKZ1Nra3J3YVQzZzE3QWdNQkFBR2pXVEJYTUE0R0ExVWREd0VCL3dRRUF3SUNwREFQCkJnTlZIUk1CQWY4RUJUQURBUUgvTUIwR0ExVWREZ1FXQkJURFdSTlc1ekJ2RndZQ0wyM1c0djRpRit5RjhqQVYKQmdOVkhSRUVEakFNZ2dwcmRXSmxjbTVsZEdWek1BMEdDU3FHU0liM0RRRUJDd1VBQTRJQkFRQS9TS0RXQ2V6dApvWmJJcUEwS01TZjcvb2wwM00wSGliMXhNODZPcSs2TU1KSXgycWhEYmNtL05Ma1FNdDR0NGI5ZlZoMWR3TEtiCkI2ekQ3N1NCS2JWTFdwOHpYVkRFajlmdTlWTmU2VVU2L3o1VXNtRjNnOU1aK0dhSmc4NFFWdU91aEt2RE9USVMKN1llczJPakhZT2dqS3hjbUkxNDZKRkJ5Nk1UdjQwYThSN2ExOC9YWGVVamlMNGwyRVNPZVhpZXRYV2dhMVN3dwpUQm1YSXdBV2RSRHBOU0g4N3prMmpHZTFlUnYzNFkzbWdxS0VYUVJ2cjlnNTZsWG4rV1FSc0lKV3R0bTNHMUR5CnRzWFREdlhhUk1wWGFvdlR3L2dycFp5QlBsby9Xckt0aDZ1UUNUTTEvOWNoQ09yQWNkQ1dCaXpXUHdrQk9hUzgKdHVYZTMvMk1vMTA0Ci0tLS0tRU5EIENFUlRJRklDQVRFLS0tLS0K"
              }
            ],
            "created_at": "2024-10-09 11:29:50.765 +0000 UTC",
            "enabled_cluster_log_types": [],
            "endpoint": "https://EB0562C1047E210923C6677DC5723A9F.gr7.eu-north-1.eks.amazonaws.com",
            "id": "myproject-eks-cluster",
            "identity": [
              {
                "oidc": [
                  {
                    "issuer": "https://oidc.eks.eu-north-1.amazonaws.com/id/EB0562C1047E210923C6677DC5723A9F"
                  }
                ]
              }
            ],
            "kubernetes_network_config": [
              {
                "ip_family": "ipv4",
                "service_ipv4_cidr": "172.20.0.0/16"
              }
            ],
            "name": "myproject-eks-cluster",
            "platform_version": "eks.23",
            "role_arn": "arn:aws:iam::654654371397:role/myproject-eks-cluster-role",
            "status": "ACTIVE",
            "tags": {
              "Name": "eks_cluster"
            },
            "version": "1.27",
            "vpc_config": [
              {
                "cluster_security_group_id": "sg-018b1b8885bd716e3",
                "endpoint_private_access": true,
                "endpoint_public_access": true,
                "public_access_cidrs": [
                  "0.0.0.0/0"
                ],
                "security_group_ids": [
                  "sg-065979a4525c5caff"
                ],
                "subnet_ids": [
                  "subnet-04947f2036dce4af0",
                  "subnet-0b046a0b9bd656558"
                ],
                "vpc_id": "vpc-011fdb394f6c02d96"
              }
            ]
          },
          "sensitive_attributes": []
        }
      ]
    },
    {
      "mode": "data",
      "type": "aws_eks_cluster_auth",
      "name": "eks",
      "provider": "provider[\"registry.terraform.io/hashicorp/aws\"]",
      "instances": [
        {
          "schema_version": 0,
          "attributes": {
            "id": "myproject-eks-cluster",
            "name": "myproject-eks-cluster",
            "token": "k8s-aws-v1.aHR0cHM6Ly9zdHMuYW1hem9uYXdzLmNvbS8_QWN0aW9uPUdldENhbGxlcklkZW50aXR5JlZlcnNpb249MjAxMS0wNi0xNSZYLUFtei1BbGdvcml0aG09QVdTNC1ITUFDLVNIQTI1NiZYLUFtei1DcmVkZW50aWFsPUFLSUFaUTNEUTZaQ1FJRFdPNVUzJTJGMjAyNDEwMTAlMkZ1cy1lYXN0LTElMkZzdHMlMkZhd3M0X3JlcXVlc3QmWC1BbXotRGF0ZT0yMDI0MTAxMFQwNzEzNDRaJlgtQW16LUV4cGlyZXM9MCZYLUFtei1TaWduZWRIZWFkZXJzPWhvc3QlM0J4LWs4cy1hd3MtaWQmWC1BbXotU2lnbmF0dXJlPWY3Y2M3NmIzMjc4MmZhNjc1NjU0MDkzOWM4ZmU1OWIwY2RlNDQ5MTc4ODRlODNjMGZkODc2OTk2NjAwMGQwOGY"
          },
          "sensitive_attributes": [
            [
              {
                "type": "get_attr",
                "value": "token"
              }
            ]
          ]
        }
      ]
    },
    {
      "mode": "managed",
      "type": "aws_eks_cluster",
      "name": "eks",
      "provider": "provider[\"registry.terraform.io/hashicorp/aws\"]",
      "instances": [
        {
          "schema_version": 0,
          "attributes": {
            "arn": "arn:aws:eks:eu-north-1:654654371397:cluster/myproject-eks-cluster",
            "certificate_authority": [
              {
                "data": "LS0tLS1CRUdJTiBDRVJUSUZJQ0FURS0tLS0tCk1JSURCVENDQWUyZ0F3SUJBZ0lJVm9qenpQbXl4RTh3RFFZSktvWklodmNOQVFFTEJRQXdGVEVUTUJFR0ExVUUKQXhNS2EzVmlaWEp1WlhSbGN6QWVGdzB5TkRFd01Ea3hNVEk0TWpsYUZ3MHpOREV3TURjeE1UTXpNamxhTUJVeApFekFSQmdOVkJBTVRDbXQxWW1WeWJtVjBaWE13Z2dFaU1BMEdDU3FHU0liM0RRRUJBUVVBQTRJQkR3QXdnZ0VLCkFvSUJBUUN2TGUzTGl2RTd6ZkUwTU81SDlvZGdXcWpoUVZ2MkJ0OWJ4d05CeEJjUzFibVdmTEhzR2E1T2lJQk4KUWx0eERuRUkySm9SZ1BkRlVFSEFob2JwSWsrMGhWWGtlbVRvYnJEMGdmeDhPR0lldS9aTm1XUkIvbXM1K0NBbgpuanZKYWFCNDAyaUFHUmx5bVpNeVNlRG1PdDhwaW5Hd1dUcUpRMmhmRlBHTmNyYy9odEpXdzZjZGRQaU85TVd3CjlOQXo5aXRDQXBnTUNzL2FhVUV0RzRFQzlELzlYeWpGMEREdU41SUhPOFFwVWpIVysvaVB0czNnejBIN3BRa0cKOU9BMDRnOHUvK0d1SWZ3bkNxeGgrYndmTVNDSUpiWTFOVjEraVEzcTdhVVR1OVhyYnFieHc0TWNnNERuamNIOQpsV3VWL1M3RWYzSWJ6ditKZ1Nra3J3YVQzZzE3QWdNQkFBR2pXVEJYTUE0R0ExVWREd0VCL3dRRUF3SUNwREFQCkJnTlZIUk1CQWY4RUJUQURBUUgvTUIwR0ExVWREZ1FXQkJURFdSTlc1ekJ2RndZQ0wyM1c0djRpRit5RjhqQVYKQmdOVkhSRUVEakFNZ2dwcmRXSmxjbTVsZEdWek1BMEdDU3FHU0liM0RRRUJDd1VBQTRJQkFRQS9TS0RXQ2V6dApvWmJJcUEwS01TZjcvb2wwM00wSGliMXhNODZPcSs2TU1KSXgycWhEYmNtL05Ma1FNdDR0NGI5ZlZoMWR3TEtiCkI2ekQ3N1NCS2JWTFdwOHpYVkRFajlmdTlWTmU2VVU2L3o1VXNtRjNnOU1aK0dhSmc4NFFWdU91aEt2RE9USVMKN1llczJPakhZT2dqS3hjbUkxNDZKRkJ5Nk1UdjQwYThSN2ExOC9YWGVVamlMNGwyRVNPZVhpZXRYV2dhMVN3dwpUQm1YSXdBV2RSRHBOU0g4N3prMmpHZTFlUnYzNFkzbWdxS0VYUVJ2cjlnNTZsWG4rV1FSc0lKV3R0bTNHMUR5CnRzWFREdlhhUk1wWGFvdlR3L2dycFp5QlBsby9Xckt0aDZ1UUNUTTEvOWNoQ09yQWNkQ1dCaXpXUHdrQk9hUzgKdHVYZTMvMk1vMTA0Ci0tLS0tRU5EIENFUlRJRklDQVRFLS0tLS0K"
              }
            ],
            "created_at": "2024-10-09 11:29:50.765 +0000 UTC",
            "enabled_cluster_log_types": [],
            "encryption_config": [],
            "endpoint": "https://EB0562C1047E210923C6677DC5723A9F.gr7.eu-north-1.eks.amazonaws.com",
            "id": "myproject-eks-cluster",
            "identity": [
              {
                "oidc": [
                  {
                    "issuer": "https://oidc.eks.eu-north-1.amazonaws.com/id/EB0562C1047E210923C6677DC5723A9F"
                  }
                ]
              }
            ],
            "kubernetes_network_config": [
              {
                "ip_family": "ipv4",
                "service_ipv4_cidr": "172.20.0.0/16"
              }
            ],
            "name": "myproject-eks-cluster",
            "platform_version": "eks.23",
            "role_arn": "arn:aws:iam::654654371397:role/myproject-eks-cluster-role",
            "status": "ACTIVE",
            "tags": {
              "Name": "eks_cluster"
            },
            "tags_all": {
              "Name": "eks_cluster"
            },
            "timeouts": null,
            "version": "1.27",
            "vpc_config": [
              {
                "cluster_security_group_id": "sg-018b1b8885bd716e3",
                "endpoint_private_access": true,
                "endpoint_public_access": true,
                "public_access_cidrs": [
                  "0.0.0.0/0"
                ],
                "security_group_ids": [
                  "sg-065979a4525c5caff"
                ],
                "subnet_ids": [
                  "subnet-04947f2036dce4af0",
                  "subnet-0b046a0b9bd656558"
                ],
                "vpc_id": "vpc-011fdb394f6c02d96"
              }
            ]
          },
          "sensitive_attributes": [],
          "private": "eyJlMmJmYjczMC1lY2FhLTExZTYtOGY4OC0zNDM2M2JjN2M0YzAiOnsiY3JlYXRlIjoxODAwMDAwMDAwMDAwLCJkZWxldGUiOjkwMDAwMDAwMDAwMCwidXBkYXRlIjozNjAwMDAwMDAwMDAwfX0=",
          "dependencies": [
            "aws_iam_role.eks_cluster_role",
            "aws_security_group.eks_node_sg",
            "aws_subnet.private_subnet",
            "aws_subnet.public_subnet",
            "aws_vpc.main_vpc"
          ]
        }
      ]
    },
    {
      "mode": "managed",
      "type": "aws_iam_role",
      "name": "eks_cluster_role",
      "provider": "provider[\"registry.terraform.io/hashicorp/aws\"]",
      "instances": [
        {
          "schema_version": 0,
          "attributes": {
            "arn": "arn:aws:iam::654654371397:role/myproject-eks-cluster-role",
            "assume_role_policy": "{\"Version\":\"2012-10-17\",\"Statement\":[{\"Effect\":\"Allow\",\"Principal\":{\"Service\":\"eks.amazonaws.com\"},\"Action\":\"sts:AssumeRole\"}]}",
            "create_date": "2024-10-09T11:29:21Z",
            "description": "",
            "force_detach_policies": false,
            "id": "myproject-eks-cluster-role",
            "inline_policy": [
              {
                "name": "",
                "policy": ""
              }
            ],
            "managed_policy_arns": [],
            "max_session_duration": 3600,
            "name": "myproject-eks-cluster-role",
            "name_prefix": "",
            "path": "/",
            "permissions_boundary": null,
            "tags": {
              "Name": "eks_cluster_role"
            },
            "tags_all": {
              "Name": "eks_cluster_role"
            },
            "unique_id": "AROAZQ3DQ6ZCR4GY2PJFC"
          },
          "sensitive_attributes": [],
          "private": "bnVsbA=="
        }
      ]
    },
    {
      "mode": "managed",
      "type": "aws_internet_gateway",
      "name": "igw",
      "provider": "provider[\"registry.terraform.io/hashicorp/aws\"]",
      "instances": [
        {
          "schema_version": 0,
          "attributes": {
            "arn": "arn:aws:ec2:eu-north-1:654654371397:internet-gateway/igw-01e391e93cf91f30f",
            "id": "igw-01e391e93cf91f30f",
            "owner_id": "654654371397",
            "tags": {
              "Name": "main_igw"
            },
            "tags_all": {
              "Name": "main_igw"
            },
            "vpc_id": "vpc-011fdb394f6c02d96"
          },
          "sensitive_attributes": [],
          "private": "bnVsbA==",
          "dependencies": [
            "aws_vpc.main_vpc"
          ]
        }
      ]
    },
    {
      "mode": "managed",
      "type": "aws_security_group",
      "name": "eks_node_sg",
      "provider": "provider[\"registry.terraform.io/hashicorp/aws\"]",
      "instances": [
        {
          "schema_version": 1,
          "attributes": {
            "arn": "arn:aws:ec2:eu-north-1:654654371397:security-group/sg-065979a4525c5caff",
            "description": "Security group for EKS worker nodes",
            "egress": [],
            "id": "sg-065979a4525c5caff",
            "ingress": [],
            "name": "myproject-eks-node-sg",
            "name_prefix": "",
            "owner_id": "654654371397",
            "revoke_rules_on_delete": false,
            "tags": {
              "Name": "eks_node_sg"
            },
            "tags_all": {
              "Name": "eks_node_sg"
            },
            "timeouts": null,
            "vpc_id": "vpc-011fdb394f6c02d96"
          },
          "sensitive_attributes": [],
          "private": "eyJlMmJmYjczMC1lY2FhLTExZTYtOGY4OC0zNDM2M2JjN2M0YzAiOnsiY3JlYXRlIjo2MDAwMDAwMDAwMDAsImRlbGV0ZSI6OTAwMDAwMDAwMDAwfSwic2NoZW1hX3ZlcnNpb24iOiIxIn0=",
          "dependencies": [
            "aws_vpc.main_vpc"
          ]
        }
      ]
    },
    {
      "mode": "managed",
      "type": "aws_subnet",
      "name": "private_subnet",
      "provider": "provider[\"registry.terraform.io/hashicorp/aws\"]",
      "instances": [
        {
          "schema_version": 1,
          "attributes": {
            "arn": "arn:aws:ec2:eu-north-1:654654371397:subnet/subnet-04947f2036dce4af0",
            "assign_ipv6_address_on_creation": false,
            "availability_zone": "eu-north-1b",
            "availability_zone_id": "eun1-az2",
            "cidr_block": "10.0.2.0/24",
            "customer_owned_ipv4_pool": "",
            "enable_dns64": false,
            "enable_resource_name_dns_a_record_on_launch": false,
            "enable_resource_name_dns_aaaa_record_on_launch": false,
            "id": "subnet-04947f2036dce4af0",
            "ipv6_cidr_block": "",
            "ipv6_cidr_block_association_id": "",
            "ipv6_native": false,
            "map_customer_owned_ip_on_launch": false,
            "map_public_ip_on_launch": false,
            "outpost_arn": "",
            "owner_id": "654654371397",
            "private_dns_hostname_type_on_launch": "ip-name",
            "tags": {
              "Name": "private_subnet"
            },
            "tags_all": {
              "Name": "private_subnet"
            },
            "timeouts": null,
            "vpc_id": "vpc-011fdb394f6c02d96"
          },
          "sensitive_attributes": [],
          "private": "eyJlMmJmYjczMC1lY2FhLTExZTYtOGY4OC0zNDM2M2JjN2M0YzAiOnsiY3JlYXRlIjo2MDAwMDAwMDAwMDAsImRlbGV0ZSI6MTIwMDAwMDAwMDAwMH0sInNjaGVtYV92ZXJzaW9uIjoiMSJ9",
          "dependencies": [
            "aws_vpc.main_vpc"
          ]
        }
      ]
    },
    {
      "mode": "managed",
      "type": "aws_subnet",
      "name": "public_subnet",
      "provider": "provider[\"registry.terraform.io/hashicorp/aws\"]",
      "instances": [
        {
          "schema_version": 1,
          "attributes": {
            "arn": "arn:aws:ec2:eu-north-1:654654371397:subnet/subnet-0b046a0b9bd656558",
            "assign_ipv6_address_on_creation": false,
            "availability_zone": "eu-north-1a",
            "availability_zone_id": "eun1-az1",
            "cidr_block": "10.0.1.0/24",
            "customer_owned_ipv4_pool": "",
            "enable_dns64": false,
            "enable_resource_name_dns_a_record_on_launch": false,
            "enable_resource_name_dns_aaaa_record_on_launch": false,
            "id": "subnet-0b046a0b9bd656558",
            "ipv6_cidr_block": "",
            "ipv6_cidr_block_association_id": "",
            "ipv6_native": false,
            "map_customer_owned_ip_on_launch": false,
            "map_public_ip_on_launch": true,
            "outpost_arn": "",
            "owner_id": "654654371397",
            "private_dns_hostname_type_on_launch": "ip-name",
            "tags": {
              "Name": "public_subnet"
            },
            "tags_all": {
              "Name": "public_subnet"
            },
            "timeouts": null,
            "vpc_id": "vpc-011fdb394f6c02d96"
          },
          "sensitive_attributes": [],
          "private": "eyJlMmJmYjczMC1lY2FhLTExZTYtOGY4OC0zNDM2M2JjN2M0YzAiOnsiY3JlYXRlIjo2MDAwMDAwMDAwMDAsImRlbGV0ZSI6MTIwMDAwMDAwMDAwMH0sInNjaGVtYV92ZXJzaW9uIjoiMSJ9",
          "dependencies": [
            "aws_vpc.main_vpc"
          ]
        }
      ]
    },
    {
      "mode": "managed",
      "type": "aws_vpc",
      "name": "main_vpc",
      "provider": "provider[\"registry.terraform.io/hashicorp/aws\"]",
      "instances": [
        {
          "schema_version": 1,
          "attributes": {
            "arn": "arn:aws:ec2:eu-north-1:654654371397:vpc/vpc-011fdb394f6c02d96",
            "assign_generated_ipv6_cidr_block": false,
            "cidr_block": "10.0.0.0/16",
            "default_network_acl_id": "acl-0f38b46078a930de2",
            "default_route_table_id": "rtb-03005ffaab29847b2",
            "default_security_group_id": "sg-02f3995c4ace0fbb5",
            "dhcp_options_id": "dopt-0eea751347973d99a",
            "enable_classiclink": false,
            "enable_classiclink_dns_support": false,
            "enable_dns_hostnames": true,
            "enable_dns_support": true,
            "id": "vpc-011fdb394f6c02d96",
            "instance_tenancy": "default",
            "ipv4_ipam_pool_id": null,
            "ipv4_netmask_length": null,
            "ipv6_association_id": "",
            "ipv6_cidr_block": "",
            "ipv6_cidr_block_network_border_group": "",
            "ipv6_ipam_pool_id": "",
            "ipv6_netmask_length": 0,
            "main_route_table_id": "rtb-03005ffaab29847b2",
            "owner_id": "654654371397",
            "tags": {
              "Name": "main_vpc"
            },
            "tags_all": {
              "Name": "main_vpc"
            }
          },
          "sensitive_attributes": [],
          "private": "eyJzY2hlbWFfdmVyc2lvbiI6IjEifQ=="
        }
      ]
    },
    {
      "module": "module.k8s",
      "mode": "managed",
      "type": "kubernetes_service",
      "name": "frontend",
      "provider": "provider[\"registry.terraform.io/hashicorp/kubernetes\"]",
      "instances": [
        {
          "schema_version": 1,
          "attributes": {
            "id": "default/frontend",
            "metadata": [
              {
                "annotations": {},
                "generate_name": "",
                "generation": 0,
                "labels": {},
                "name": "frontend",
                "namespace": "default",
                "resource_version": "879",
                "uid": "e306c86e-b9f5-41aa-82ac-4062bdee5ad1"
              }
            ],
            "spec": [
              {
                "allocate_load_balancer_node_ports": true,
                "cluster_ip": "172.20.91.129",
                "cluster_ips": [
                  "172.20.91.129"
                ],
                "external_ips": [],
                "external_name": "",
                "external_traffic_policy": "Cluster",
                "health_check_node_port": 0,
                "internal_traffic_policy": "Cluster",
                "ip_families": [
                  "IPv4"
                ],
                "ip_family_policy": "SingleStack",
                "load_balancer_class": "",
                "load_balancer_ip": "",
                "load_balancer_source_ranges": [],
                "port": [
                  {
                    "app_protocol": "",
                    "name": "",
                    "node_port": 32699,
                    "port": 80,
                    "protocol": "TCP",
                    "target_port": "80"
                  }
                ],
                "publish_not_ready_addresses": false,
                "selector": {
                  "app": "frontend"
                },
                "session_affinity": "None",
                "session_affinity_config": [],
                "type": "LoadBalancer"
              }
            ],
            "status": [
              {
                "load_balancer": [
                  {
                    "ingress": [
                      {
                        "hostname": "ae306c86eb9f541aa82ac4062bdee5ad-22888959.eu-north-1.elb.amazonaws.com",
                        "ip": ""
                      }
                    ]
                  }
                ]
              }
            ],
            "timeouts": null,
            "wait_for_load_balancer": false
          },
          "sensitive_attributes": [],
          "private": "eyJlMmJmYjczMC1lY2FhLTExZTYtOGY4OC0zNDM2M2JjN2M0YzAiOnsiY3JlYXRlIjo2MDAwMDAwMDAwMDB9LCJzY2hlbWFfdmVyc2lvbiI6IjEifQ==",
          "dependencies": [
            "aws_eks_cluster.eks",
            "aws_iam_role.eks_cluster_role",
            "aws_security_group.eks_node_sg",
            "aws_subnet.private_subnet",
            "aws_subnet.public_subnet",
            "aws_vpc.main_vpc",
            "data.aws_eks_cluster.eks",
            "data.aws_eks_cluster_auth.eks"
          ]
        }
      ]
    }
  ],
  "check_results": null
}
